
Microsoft Visual Studio Solution File, Format Version 12.00
# Visual Studio Version 16
VisualStudioVersion = 16.0.28407.52
MinimumVisualStudioVersion = 10.0.40219.1
Project("{9A19103F-16F7-4668-BE54-9A1E7A4F7556}") = "GPApp.Model", "GPApp.Model\GPApp.Model.csproj", "{E39F996A-1A28-40DD-8993-D46419C7F060}"
EndProject
Project("{9A19103F-16F7-4668-BE54-9A1E7A4F7556}") = "GPApp.Web", "GPApp.Web\GPApp.Web.csproj", "{08C8A71F-B3AF-47D4-9089-623D341D0A71}"
EndProject
Project("{9A19103F-16F7-4668-BE54-9A1E7A4F7556}") = "GPApp.Service", "GPApp.Service\GPApp.Service.csproj", "{D39731EE-B0AA-4792-87C8-AA2820B54903}"
EndProject
Project("{9A19103F-16F7-4668-BE54-9A1E7A4F7556}") = "GPApp.Repository", "GPApp.Repository\GPApp.Repository.csproj", "{BA52AF43-226B-4C14-862F-8C1F368E3F61}"
EndProject
Project("{9A19103F-16F7-4668-BE54-9A1E7A4F7556}") = "GPApp.Shared", "GPApp.Shared\GPApp.Shared.csproj", "{B68BCCB9-BB79-46EF-8563-5476B4881C49}"
EndProject
Project("{9A19103F-16F7-4668-BE54-9A1E7A4F7556}") = "GPApp.Dal", "GPApp.Dao\GPApp.Dal.csproj", "{36D3F054-A71C-4CD6-A85C-005CC4FB7592}"
EndProject
Project("{2150E333-8FDC-42A3-9474-1A3956D46DE8}") = "02 - Acesso Dados", "02 - Acesso Dados", "{4D1A6ED5-E6C7-41F0-B7A2-EB5570F635AC}"
EndProject
Project("{2150E333-8FDC-42A3-9474-1A3956D46DE8}") = "01 - Modelo Dados", "01 - Modelo Dados", "{A27F5262-9A65-4CAF-B324-33E6419F9A8C}"
EndProject
Project("{2150E333-8FDC-42A3-9474-1A3956D46DE8}") = "03 - Serviços", "03 - Serviços", "{F047DECB-FAF1-449D-A53F-F73592F7C359}"
EndProject
Project("{2150E333-8FDC-42A3-9474-1A3956D46DE8}") = "04 - Compartilhado", "04 - Compartilhado", "{F5907E1B-41A5-4507-9D90-41F26BAD9B04}"
EndProject
Project("{2150E333-8FDC-42A3-9474-1A3956D46DE8}") = "05 - Apresentação", "05 - Apresentação", "{FFB0AB52-CA58-47A3-B58E-FE52E859A863}"
EndProject
Project("{2150E333-8FDC-42A3-9474-1A3956D46DE8}") = "05-01 Web e API", "05-01 Web e API", "{9E1F2E34-C893-46FC-A1BA-C3567419BF10}"
EndProject
Project("{2150E333-8FDC-42A3-9474-1A3956D46DE8}") = "05-02 Windows Forms", "05-02 Windows Forms", "{A25E7486-7718-4E71-BCA5-C4B326D686C1}"
EndProject
Project("{FAE04EC0-301F-11D3-BF4B-00C04F79EFBC}") = "GPApp.WinForms", "GPApp.WinForms\GPApp.WinForms.csproj", "{2093EFC5-8D32-49AC-8BBC-C4910EC6B527}"
EndProject
Project("{FAE04EC0-301F-11D3-BF4B-00C04F79EFBC}") = "GPApp.Presenter", "GPApp.Presenter\GPApp.Presenter.csproj", "{AD5D7EE1-3CC1-43EE-988F-752A572DBFEE}"
EndProject
Project("{9A19103F-16F7-4668-BE54-9A1E7A4F7556}") = "GPApp.Wrapper", "GPApp.Wrapper\GPApp.Wrapper.csproj", "{0DE75004-5A6F-4921-A1C6-F3A89719D04B}"
EndProject
Project("{778DAE3C-4631-46EA-AA77-85C1314464D9}") = "GPApp.Helpers", "GPApp.Helpers\GPApp.Helpers.vbproj", "{81AA59EA-05EA-402A-9A6F-842541765CC2}"
EndProject
Project("{FAE04EC0-301F-11D3-BF4B-00C04F79EFBC}") = "GPApp.WinForms.Testes", "GPApp.WinForms.Testes\GPApp.WinForms.Testes.csproj", "{ECFB6853-4DEF-43A9-94B4-05B52A6817BA}"
EndProject
Project("{2150E333-8FDC-42A3-9474-1A3956D46DE8}") = "05-03 WPF", "05-03 WPF", "{6609F28A-5788-4D1D-85DE-36518B41D450}"
EndProject
Project("{FAE04EC0-301F-11D3-BF4B-00C04F79EFBC}") = "GPApp.Wpf", "GPApp.Wpf\GPApp.Wpf.csproj", "{FC2CAA7A-2A12-4C65-8CC4-A35A0CD6A7B6}"
EndProject
Project("{FAE04EC0-301F-11D3-BF4B-00C04F79EFBC}") = "GPApp.Wpf.Modulo.Produtos", "GPApp.Wpf.Modulo.Produtos\GPApp.Wpf.Modulo.Produtos.csproj", "{933B814F-3925-4DED-BE1B-0F3FAF7DB489}"
EndProject
Project("{FAE04EC0-301F-11D3-BF4B-00C04F79EFBC}") = "GPApp.Wpf.Testes", "GPApp.Wpf.Testes\GPApp.Wpf.Testes.csproj", "{7B34644A-1968-406E-805B-4A5FBE86D182}"
EndProject
Project("{2150E333-8FDC-42A3-9474-1A3956D46DE8}") = "05-04 UWP", "05-04 UWP", "{A5051F5C-6531-4733-BB4D-4570F9BA7AF0}"
EndProject
Project("{FAE04EC0-301F-11D3-BF4B-00C04F79EFBC}") = "GPApp.Uwp", "GPApp.Uwp\GPApp.Uwp.csproj", "{39DCBD3C-BBCB-40CC-A855-F2E47D81C9CB}"
EndProject
Project("{FAE04EC0-301F-11D3-BF4B-00C04F79EFBC}") = "GPApp.Uwp.Testes", "GPApp.Uwp.Testes\GPApp.Uwp.Testes.csproj", "{DBC53F0A-928B-4C51-8B55-25246BF49AAE}"
EndProject
Project("{FAE04EC0-301F-11D3-BF4B-00C04F79EFBC}") = "GPApp.Uwp.Logica", "GPApp.Uwp.Logica\GPApp.Uwp.Logica.csproj", "{B018CDC2-DA39-42FC-A31A-1A3C4B47CAFC}"
EndProject
Global
	GlobalSection(SolutionConfigurationPlatforms) = preSolution
		AppVeyor|Any CPU = AppVeyor|Any CPU
		AppVeyor|ARM = AppVeyor|ARM
		AppVeyor|ARM64 = AppVeyor|ARM64
		AppVeyor|x64 = AppVeyor|x64
		AppVeyor|x86 = AppVeyor|x86
		Debug|Any CPU = Debug|Any CPU
		Debug|ARM = Debug|ARM
		Debug|ARM64 = Debug|ARM64
		Debug|x64 = Debug|x64
		Debug|x86 = Debug|x86
		Release|Any CPU = Release|Any CPU
		Release|ARM = Release|ARM
		Release|ARM64 = Release|ARM64
		Release|x64 = Release|x64
		Release|x86 = Release|x86
	EndGlobalSection
	GlobalSection(ProjectConfigurationPlatforms) = postSolution
		{E39F996A-1A28-40DD-8993-D46419C7F060}.AppVeyor|Any CPU.ActiveCfg = Release|Any CPU
		{E39F996A-1A28-40DD-8993-D46419C7F060}.AppVeyor|Any CPU.Build.0 = Release|Any CPU
		{E39F996A-1A28-40DD-8993-D46419C7F060}.AppVeyor|ARM.ActiveCfg = Debug|Any CPU
		{E39F996A-1A28-40DD-8993-D46419C7F060}.AppVeyor|ARM.Build.0 = Debug|Any CPU
		{E39F996A-1A28-40DD-8993-D46419C7F060}.AppVeyor|ARM64.ActiveCfg = Debug|Any CPU
		{E39F996A-1A28-40DD-8993-D46419C7F060}.AppVeyor|ARM64.Build.0 = Debug|Any CPU
		{E39F996A-1A28-40DD-8993-D46419C7F060}.AppVeyor|x64.ActiveCfg = Debug|Any CPU
		{E39F996A-1A28-40DD-8993-D46419C7F060}.AppVeyor|x64.Build.0 = Debug|Any CPU
		{E39F996A-1A28-40DD-8993-D46419C7F060}.AppVeyor|x86.ActiveCfg = Debug|Any CPU
		{E39F996A-1A28-40DD-8993-D46419C7F060}.AppVeyor|x86.Build.0 = Debug|Any CPU
		{E39F996A-1A28-40DD-8993-D46419C7F060}.Debug|Any CPU.ActiveCfg = Debug|Any CPU
		{E39F996A-1A28-40DD-8993-D46419C7F060}.Debug|Any CPU.Build.0 = Debug|Any CPU
		{E39F996A-1A28-40DD-8993-D46419C7F060}.Debug|ARM.ActiveCfg = Debug|Any CPU
		{E39F996A-1A28-40DD-8993-D46419C7F060}.Debug|ARM.Build.0 = Debug|Any CPU
		{E39F996A-1A28-40DD-8993-D46419C7F060}.Debug|ARM64.ActiveCfg = Debug|Any CPU
		{E39F996A-1A28-40DD-8993-D46419C7F060}.Debug|ARM64.Build.0 = Debug|Any CPU
		{E39F996A-1A28-40DD-8993-D46419C7F060}.Debug|x64.ActiveCfg = Debug|Any CPU
		{E39F996A-1A28-40DD-8993-D46419C7F060}.Debug|x64.Build.0 = Debug|Any CPU
		{E39F996A-1A28-40DD-8993-D46419C7F060}.Debug|x86.ActiveCfg = Debug|Any CPU
		{E39F996A-1A28-40DD-8993-D46419C7F060}.Debug|x86.Build.0 = Debug|Any CPU
		{E39F996A-1A28-40DD-8993-D46419C7F060}.Release|Any CPU.ActiveCfg = Release|Any CPU
		{E39F996A-1A28-40DD-8993-D46419C7F060}.Release|Any CPU.Build.0 = Release|Any CPU
		{E39F996A-1A28-40DD-8993-D46419C7F060}.Release|ARM.ActiveCfg = Release|Any CPU
		{E39F996A-1A28-40DD-8993-D46419C7F060}.Release|ARM.Build.0 = Release|Any CPU
		{E39F996A-1A28-40DD-8993-D46419C7F060}.Release|ARM64.ActiveCfg = Release|Any CPU
		{E39F996A-1A28-40DD-8993-D46419C7F060}.Release|ARM64.Build.0 = Release|Any CPU
		{E39F996A-1A28-40DD-8993-D46419C7F060}.Release|x64.ActiveCfg = Release|Any CPU
		{E39F996A-1A28-40DD-8993-D46419C7F060}.Release|x64.Build.0 = Release|Any CPU
		{E39F996A-1A28-40DD-8993-D46419C7F060}.Release|x86.ActiveCfg = Release|Any CPU
		{E39F996A-1A28-40DD-8993-D46419C7F060}.Release|x86.Build.0 = Release|Any CPU
		{08C8A71F-B3AF-47D4-9089-623D341D0A71}.AppVeyor|Any CPU.ActiveCfg = Release|Any CPU
		{08C8A71F-B3AF-47D4-9089-623D341D0A71}.AppVeyor|Any CPU.Build.0 = Release|Any CPU
		{08C8A71F-B3AF-47D4-9089-623D341D0A71}.AppVeyor|ARM.ActiveCfg = Debug|Any CPU
		{08C8A71F-B3AF-47D4-9089-623D341D0A71}.AppVeyor|ARM.Build.0 = Debug|Any CPU
		{08C8A71F-B3AF-47D4-9089-623D341D0A71}.AppVeyor|ARM64.ActiveCfg = Debug|Any CPU
		{08C8A71F-B3AF-47D4-9089-623D341D0A71}.AppVeyor|ARM64.Build.0 = Debug|Any CPU
		{08C8A71F-B3AF-47D4-9089-623D341D0A71}.AppVeyor|x64.ActiveCfg = Debug|Any CPU
		{08C8A71F-B3AF-47D4-9089-623D341D0A71}.AppVeyor|x64.Build.0 = Debug|Any CPU
		{08C8A71F-B3AF-47D4-9089-623D341D0A71}.AppVeyor|x86.ActiveCfg = Debug|Any CPU
		{08C8A71F-B3AF-47D4-9089-623D341D0A71}.AppVeyor|x86.Build.0 = Debug|Any CPU
		{08C8A71F-B3AF-47D4-9089-623D341D0A71}.Debug|Any CPU.ActiveCfg = Debug|Any CPU
		{08C8A71F-B3AF-47D4-9089-623D341D0A71}.Debug|Any CPU.Build.0 = Debug|Any CPU
		{08C8A71F-B3AF-47D4-9089-623D341D0A71}.Debug|ARM.ActiveCfg = Debug|Any CPU
		{08C8A71F-B3AF-47D4-9089-623D341D0A71}.Debug|ARM.Build.0 = Debug|Any CPU
		{08C8A71F-B3AF-47D4-9089-623D341D0A71}.Debug|ARM64.ActiveCfg = Debug|Any CPU
		{08C8A71F-B3AF-47D4-9089-623D341D0A71}.Debug|ARM64.Build.0 = Debug|Any CPU
		{08C8A71F-B3AF-47D4-9089-623D341D0A71}.Debug|x64.ActiveCfg = Debug|Any CPU
		{08C8A71F-B3AF-47D4-9089-623D341D0A71}.Debug|x64.Build.0 = Debug|Any CPU
		{08C8A71F-B3AF-47D4-9089-623D341D0A71}.Debug|x86.ActiveCfg = Debug|Any CPU
		{08C8A71F-B3AF-47D4-9089-623D341D0A71}.Debug|x86.Build.0 = Debug|Any CPU
		{08C8A71F-B3AF-47D4-9089-623D341D0A71}.Release|Any CPU.ActiveCfg = Release|Any CPU
		{08C8A71F-B3AF-47D4-9089-623D341D0A71}.Release|Any CPU.Build.0 = Release|Any CPU
		{08C8A71F-B3AF-47D4-9089-623D341D0A71}.Release|ARM.ActiveCfg = Release|Any CPU
		{08C8A71F-B3AF-47D4-9089-623D341D0A71}.Release|ARM.Build.0 = Release|Any CPU
		{08C8A71F-B3AF-47D4-9089-623D341D0A71}.Release|ARM64.ActiveCfg = Release|Any CPU
		{08C8A71F-B3AF-47D4-9089-623D341D0A71}.Release|ARM64.Build.0 = Release|Any CPU
		{08C8A71F-B3AF-47D4-9089-623D341D0A71}.Release|x64.ActiveCfg = Release|Any CPU
		{08C8A71F-B3AF-47D4-9089-623D341D0A71}.Release|x64.Build.0 = Release|Any CPU
		{08C8A71F-B3AF-47D4-9089-623D341D0A71}.Release|x86.ActiveCfg = Release|Any CPU
		{08C8A71F-B3AF-47D4-9089-623D341D0A71}.Release|x86.Build.0 = Release|Any CPU
		{D39731EE-B0AA-4792-87C8-AA2820B54903}.AppVeyor|Any CPU.ActiveCfg = Release|Any CPU
		{D39731EE-B0AA-4792-87C8-AA2820B54903}.AppVeyor|Any CPU.Build.0 = Release|Any CPU
		{D39731EE-B0AA-4792-87C8-AA2820B54903}.AppVeyor|ARM.ActiveCfg = Debug|Any CPU
		{D39731EE-B0AA-4792-87C8-AA2820B54903}.AppVeyor|ARM.Build.0 = Debug|Any CPU
		{D39731EE-B0AA-4792-87C8-AA2820B54903}.AppVeyor|ARM64.ActiveCfg = Debug|Any CPU
		{D39731EE-B0AA-4792-87C8-AA2820B54903}.AppVeyor|ARM64.Build.0 = Debug|Any CPU
		{D39731EE-B0AA-4792-87C8-AA2820B54903}.AppVeyor|x64.ActiveCfg = Debug|Any CPU
		{D39731EE-B0AA-4792-87C8-AA2820B54903}.AppVeyor|x64.Build.0 = Debug|Any CPU
		{D39731EE-B0AA-4792-87C8-AA2820B54903}.AppVeyor|x86.ActiveCfg = Debug|Any CPU
		{D39731EE-B0AA-4792-87C8-AA2820B54903}.AppVeyor|x86.Build.0 = Debug|Any CPU
		{D39731EE-B0AA-4792-87C8-AA2820B54903}.Debug|Any CPU.ActiveCfg = Debug|Any CPU
		{D39731EE-B0AA-4792-87C8-AA2820B54903}.Debug|Any CPU.Build.0 = Debug|Any CPU
		{D39731EE-B0AA-4792-87C8-AA2820B54903}.Debug|ARM.ActiveCfg = Debug|Any CPU
		{D39731EE-B0AA-4792-87C8-AA2820B54903}.Debug|ARM.Build.0 = Debug|Any CPU
		{D39731EE-B0AA-4792-87C8-AA2820B54903}.Debug|ARM64.ActiveCfg = Debug|Any CPU
		{D39731EE-B0AA-4792-87C8-AA2820B54903}.Debug|ARM64.Build.0 = Debug|Any CPU
		{D39731EE-B0AA-4792-87C8-AA2820B54903}.Debug|x64.ActiveCfg = Debug|Any CPU
		{D39731EE-B0AA-4792-87C8-AA2820B54903}.Debug|x64.Build.0 = Debug|Any CPU
		{D39731EE-B0AA-4792-87C8-AA2820B54903}.Debug|x86.ActiveCfg = Debug|Any CPU
		{D39731EE-B0AA-4792-87C8-AA2820B54903}.Debug|x86.Build.0 = Debug|Any CPU
		{D39731EE-B0AA-4792-87C8-AA2820B54903}.Release|Any CPU.ActiveCfg = Release|Any CPU
		{D39731EE-B0AA-4792-87C8-AA2820B54903}.Release|Any CPU.Build.0 = Release|Any CPU
		{D39731EE-B0AA-4792-87C8-AA2820B54903}.Release|ARM.ActiveCfg = Release|Any CPU
		{D39731EE-B0AA-4792-87C8-AA2820B54903}.Release|ARM.Build.0 = Release|Any CPU
		{D39731EE-B0AA-4792-87C8-AA2820B54903}.Release|ARM64.ActiveCfg = Release|Any CPU
		{D39731EE-B0AA-4792-87C8-AA2820B54903}.Release|ARM64.Build.0 = Release|Any CPU
		{D39731EE-B0AA-4792-87C8-AA2820B54903}.Release|x64.ActiveCfg = Release|Any CPU
		{D39731EE-B0AA-4792-87C8-AA2820B54903}.Release|x64.Build.0 = Release|Any CPU
		{D39731EE-B0AA-4792-87C8-AA2820B54903}.Release|x86.ActiveCfg = Release|Any CPU
		{D39731EE-B0AA-4792-87C8-AA2820B54903}.Release|x86.Build.0 = Release|Any CPU
		{BA52AF43-226B-4C14-862F-8C1F368E3F61}.AppVeyor|Any CPU.ActiveCfg = Release|Any CPU
		{BA52AF43-226B-4C14-862F-8C1F368E3F61}.AppVeyor|Any CPU.Build.0 = Release|Any CPU
		{BA52AF43-226B-4C14-862F-8C1F368E3F61}.AppVeyor|ARM.ActiveCfg = Debug|Any CPU
		{BA52AF43-226B-4C14-862F-8C1F368E3F61}.AppVeyor|ARM.Build.0 = Debug|Any CPU
		{BA52AF43-226B-4C14-862F-8C1F368E3F61}.AppVeyor|ARM64.ActiveCfg = Debug|Any CPU
		{BA52AF43-226B-4C14-862F-8C1F368E3F61}.AppVeyor|ARM64.Build.0 = Debug|Any CPU
		{BA52AF43-226B-4C14-862F-8C1F368E3F61}.AppVeyor|x64.ActiveCfg = Debug|Any CPU
		{BA52AF43-226B-4C14-862F-8C1F368E3F61}.AppVeyor|x64.Build.0 = Debug|Any CPU
		{BA52AF43-226B-4C14-862F-8C1F368E3F61}.AppVeyor|x86.ActiveCfg = Debug|Any CPU
		{BA52AF43-226B-4C14-862F-8C1F368E3F61}.AppVeyor|x86.Build.0 = Debug|Any CPU
		{BA52AF43-226B-4C14-862F-8C1F368E3F61}.Debug|Any CPU.ActiveCfg = Debug|Any CPU
		{BA52AF43-226B-4C14-862F-8C1F368E3F61}.Debug|Any CPU.Build.0 = Debug|Any CPU
		{BA52AF43-226B-4C14-862F-8C1F368E3F61}.Debug|ARM.ActiveCfg = Debug|Any CPU
		{BA52AF43-226B-4C14-862F-8C1F368E3F61}.Debug|ARM.Build.0 = Debug|Any CPU
		{BA52AF43-226B-4C14-862F-8C1F368E3F61}.Debug|ARM64.ActiveCfg = Debug|Any CPU
		{BA52AF43-226B-4C14-862F-8C1F368E3F61}.Debug|ARM64.Build.0 = Debug|Any CPU
		{BA52AF43-226B-4C14-862F-8C1F368E3F61}.Debug|x64.ActiveCfg = Debug|Any CPU
		{BA52AF43-226B-4C14-862F-8C1F368E3F61}.Debug|x64.Build.0 = Debug|Any CPU
		{BA52AF43-226B-4C14-862F-8C1F368E3F61}.Debug|x86.ActiveCfg = Debug|Any CPU
		{BA52AF43-226B-4C14-862F-8C1F368E3F61}.Debug|x86.Build.0 = Debug|Any CPU
		{BA52AF43-226B-4C14-862F-8C1F368E3F61}.Release|Any CPU.ActiveCfg = Release|Any CPU
		{BA52AF43-226B-4C14-862F-8C1F368E3F61}.Release|Any CPU.Build.0 = Release|Any CPU
		{BA52AF43-226B-4C14-862F-8C1F368E3F61}.Release|ARM.ActiveCfg = Release|Any CPU
		{BA52AF43-226B-4C14-862F-8C1F368E3F61}.Release|ARM.Build.0 = Release|Any CPU
		{BA52AF43-226B-4C14-862F-8C1F368E3F61}.Release|ARM64.ActiveCfg = Release|Any CPU
		{BA52AF43-226B-4C14-862F-8C1F368E3F61}.Release|ARM64.Build.0 = Release|Any CPU
		{BA52AF43-226B-4C14-862F-8C1F368E3F61}.Release|x64.ActiveCfg = Release|Any CPU
		{BA52AF43-226B-4C14-862F-8C1F368E3F61}.Release|x64.Build.0 = Release|Any CPU
		{BA52AF43-226B-4C14-862F-8C1F368E3F61}.Release|x86.ActiveCfg = Release|Any CPU
		{BA52AF43-226B-4C14-862F-8C1F368E3F61}.Release|x86.Build.0 = Release|Any CPU
		{B68BCCB9-BB79-46EF-8563-5476B4881C49}.AppVeyor|Any CPU.ActiveCfg = Release|Any CPU
		{B68BCCB9-BB79-46EF-8563-5476B4881C49}.AppVeyor|Any CPU.Build.0 = Release|Any CPU
		{B68BCCB9-BB79-46EF-8563-5476B4881C49}.AppVeyor|ARM.ActiveCfg = Debug|Any CPU
		{B68BCCB9-BB79-46EF-8563-5476B4881C49}.AppVeyor|ARM.Build.0 = Debug|Any CPU
		{B68BCCB9-BB79-46EF-8563-5476B4881C49}.AppVeyor|ARM64.ActiveCfg = Debug|Any CPU
		{B68BCCB9-BB79-46EF-8563-5476B4881C49}.AppVeyor|ARM64.Build.0 = Debug|Any CPU
		{B68BCCB9-BB79-46EF-8563-5476B4881C49}.AppVeyor|x64.ActiveCfg = Debug|Any CPU
		{B68BCCB9-BB79-46EF-8563-5476B4881C49}.AppVeyor|x64.Build.0 = Debug|Any CPU
		{B68BCCB9-BB79-46EF-8563-5476B4881C49}.AppVeyor|x86.ActiveCfg = Debug|Any CPU
		{B68BCCB9-BB79-46EF-8563-5476B4881C49}.AppVeyor|x86.Build.0 = Debug|Any CPU
		{B68BCCB9-BB79-46EF-8563-5476B4881C49}.Debug|Any CPU.ActiveCfg = Debug|Any CPU
		{B68BCCB9-BB79-46EF-8563-5476B4881C49}.Debug|Any CPU.Build.0 = Debug|Any CPU
		{B68BCCB9-BB79-46EF-8563-5476B4881C49}.Debug|ARM.ActiveCfg = Debug|Any CPU
		{B68BCCB9-BB79-46EF-8563-5476B4881C49}.Debug|ARM.Build.0 = Debug|Any CPU
		{B68BCCB9-BB79-46EF-8563-5476B4881C49}.Debug|ARM64.ActiveCfg = Debug|Any CPU
		{B68BCCB9-BB79-46EF-8563-5476B4881C49}.Debug|ARM64.Build.0 = Debug|Any CPU
		{B68BCCB9-BB79-46EF-8563-5476B4881C49}.Debug|x64.ActiveCfg = Debug|Any CPU
		{B68BCCB9-BB79-46EF-8563-5476B4881C49}.Debug|x64.Build.0 = Debug|Any CPU
		{B68BCCB9-BB79-46EF-8563-5476B4881C49}.Debug|x86.ActiveCfg = Debug|Any CPU
		{B68BCCB9-BB79-46EF-8563-5476B4881C49}.Debug|x86.Build.0 = Debug|Any CPU
		{B68BCCB9-BB79-46EF-8563-5476B4881C49}.Release|Any CPU.ActiveCfg = Release|Any CPU
		{B68BCCB9-BB79-46EF-8563-5476B4881C49}.Release|Any CPU.Build.0 = Release|Any CPU
		{B68BCCB9-BB79-46EF-8563-5476B4881C49}.Release|ARM.ActiveCfg = Release|Any CPU
		{B68BCCB9-BB79-46EF-8563-5476B4881C49}.Release|ARM.Build.0 = Release|Any CPU
		{B68BCCB9-BB79-46EF-8563-5476B4881C49}.Release|ARM64.ActiveCfg = Release|Any CPU
		{B68BCCB9-BB79-46EF-8563-5476B4881C49}.Release|ARM64.Build.0 = Release|Any CPU
		{B68BCCB9-BB79-46EF-8563-5476B4881C49}.Release|x64.ActiveCfg = Release|Any CPU
		{B68BCCB9-BB79-46EF-8563-5476B4881C49}.Release|x64.Build.0 = Release|Any CPU
		{B68BCCB9-BB79-46EF-8563-5476B4881C49}.Release|x86.ActiveCfg = Release|Any CPU
		{B68BCCB9-BB79-46EF-8563-5476B4881C49}.Release|x86.Build.0 = Release|Any CPU
		{36D3F054-A71C-4CD6-A85C-005CC4FB7592}.AppVeyor|Any CPU.ActiveCfg = Release|Any CPU
		{36D3F054-A71C-4CD6-A85C-005CC4FB7592}.AppVeyor|Any CPU.Build.0 = Release|Any CPU
		{36D3F054-A71C-4CD6-A85C-005CC4FB7592}.AppVeyor|ARM.ActiveCfg = Debug|Any CPU
		{36D3F054-A71C-4CD6-A85C-005CC4FB7592}.AppVeyor|ARM.Build.0 = Debug|Any CPU
		{36D3F054-A71C-4CD6-A85C-005CC4FB7592}.AppVeyor|ARM64.ActiveCfg = Debug|Any CPU
		{36D3F054-A71C-4CD6-A85C-005CC4FB7592}.AppVeyor|ARM64.Build.0 = Debug|Any CPU
		{36D3F054-A71C-4CD6-A85C-005CC4FB7592}.AppVeyor|x64.ActiveCfg = Debug|Any CPU
		{36D3F054-A71C-4CD6-A85C-005CC4FB7592}.AppVeyor|x64.Build.0 = Debug|Any CPU
		{36D3F054-A71C-4CD6-A85C-005CC4FB7592}.AppVeyor|x86.ActiveCfg = Debug|Any CPU
		{36D3F054-A71C-4CD6-A85C-005CC4FB7592}.AppVeyor|x86.Build.0 = Debug|Any CPU
		{36D3F054-A71C-4CD6-A85C-005CC4FB7592}.Debug|Any CPU.ActiveCfg = Debug|Any CPU
		{36D3F054-A71C-4CD6-A85C-005CC4FB7592}.Debug|Any CPU.Build.0 = Debug|Any CPU
		{36D3F054-A71C-4CD6-A85C-005CC4FB7592}.Debug|ARM.ActiveCfg = Debug|Any CPU
		{36D3F054-A71C-4CD6-A85C-005CC4FB7592}.Debug|ARM.Build.0 = Debug|Any CPU
		{36D3F054-A71C-4CD6-A85C-005CC4FB7592}.Debug|ARM64.ActiveCfg = Debug|Any CPU
		{36D3F054-A71C-4CD6-A85C-005CC4FB7592}.Debug|ARM64.Build.0 = Debug|Any CPU
		{36D3F054-A71C-4CD6-A85C-005CC4FB7592}.Debug|x64.ActiveCfg = Debug|Any CPU
		{36D3F054-A71C-4CD6-A85C-005CC4FB7592}.Debug|x64.Build.0 = Debug|Any CPU
		{36D3F054-A71C-4CD6-A85C-005CC4FB7592}.Debug|x86.ActiveCfg = Debug|Any CPU
		{36D3F054-A71C-4CD6-A85C-005CC4FB7592}.Debug|x86.Build.0 = Debug|Any CPU
		{36D3F054-A71C-4CD6-A85C-005CC4FB7592}.Release|Any CPU.ActiveCfg = Release|Any CPU
		{36D3F054-A71C-4CD6-A85C-005CC4FB7592}.Release|Any CPU.Build.0 = Release|Any CPU
		{36D3F054-A71C-4CD6-A85C-005CC4FB7592}.Release|ARM.ActiveCfg = Release|Any CPU
		{36D3F054-A71C-4CD6-A85C-005CC4FB7592}.Release|ARM.Build.0 = Release|Any CPU
		{36D3F054-A71C-4CD6-A85C-005CC4FB7592}.Release|ARM64.ActiveCfg = Release|Any CPU
		{36D3F054-A71C-4CD6-A85C-005CC4FB7592}.Release|ARM64.Build.0 = Release|Any CPU
		{36D3F054-A71C-4CD6-A85C-005CC4FB7592}.Release|x64.ActiveCfg = Release|Any CPU
		{36D3F054-A71C-4CD6-A85C-005CC4FB7592}.Release|x64.Build.0 = Release|Any CPU
		{36D3F054-A71C-4CD6-A85C-005CC4FB7592}.Release|x86.ActiveCfg = Release|Any CPU
		{36D3F054-A71C-4CD6-A85C-005CC4FB7592}.Release|x86.Build.0 = Release|Any CPU
		{2093EFC5-8D32-49AC-8BBC-C4910EC6B527}.AppVeyor|Any CPU.ActiveCfg = Release|Any CPU
		{2093EFC5-8D32-49AC-8BBC-C4910EC6B527}.AppVeyor|Any CPU.Build.0 = Release|Any CPU
		{2093EFC5-8D32-49AC-8BBC-C4910EC6B527}.AppVeyor|ARM.ActiveCfg = Debug|Any CPU
		{2093EFC5-8D32-49AC-8BBC-C4910EC6B527}.AppVeyor|ARM.Build.0 = Debug|Any CPU
		{2093EFC5-8D32-49AC-8BBC-C4910EC6B527}.AppVeyor|ARM64.ActiveCfg = Debug|Any CPU
		{2093EFC5-8D32-49AC-8BBC-C4910EC6B527}.AppVeyor|ARM64.Build.0 = Debug|Any CPU
		{2093EFC5-8D32-49AC-8BBC-C4910EC6B527}.AppVeyor|x64.ActiveCfg = Debug|Any CPU
		{2093EFC5-8D32-49AC-8BBC-C4910EC6B527}.AppVeyor|x64.Build.0 = Debug|Any CPU
		{2093EFC5-8D32-49AC-8BBC-C4910EC6B527}.AppVeyor|x86.ActiveCfg = Debug|Any CPU
		{2093EFC5-8D32-49AC-8BBC-C4910EC6B527}.AppVeyor|x86.Build.0 = Debug|Any CPU
		{2093EFC5-8D32-49AC-8BBC-C4910EC6B527}.Debug|Any CPU.ActiveCfg = Debug|Any CPU
		{2093EFC5-8D32-49AC-8BBC-C4910EC6B527}.Debug|Any CPU.Build.0 = Debug|Any CPU
		{2093EFC5-8D32-49AC-8BBC-C4910EC6B527}.Debug|ARM.ActiveCfg = Debug|Any CPU
		{2093EFC5-8D32-49AC-8BBC-C4910EC6B527}.Debug|ARM.Build.0 = Debug|Any CPU
		{2093EFC5-8D32-49AC-8BBC-C4910EC6B527}.Debug|ARM64.ActiveCfg = Debug|Any CPU
		{2093EFC5-8D32-49AC-8BBC-C4910EC6B527}.Debug|ARM64.Build.0 = Debug|Any CPU
		{2093EFC5-8D32-49AC-8BBC-C4910EC6B527}.Debug|x64.ActiveCfg = Debug|Any CPU
		{2093EFC5-8D32-49AC-8BBC-C4910EC6B527}.Debug|x64.Build.0 = Debug|Any CPU
		{2093EFC5-8D32-49AC-8BBC-C4910EC6B527}.Debug|x86.ActiveCfg = Debug|Any CPU
		{2093EFC5-8D32-49AC-8BBC-C4910EC6B527}.Debug|x86.Build.0 = Debug|Any CPU
		{2093EFC5-8D32-49AC-8BBC-C4910EC6B527}.Release|Any CPU.ActiveCfg = Release|Any CPU
		{2093EFC5-8D32-49AC-8BBC-C4910EC6B527}.Release|Any CPU.Build.0 = Release|Any CPU
		{2093EFC5-8D32-49AC-8BBC-C4910EC6B527}.Release|ARM.ActiveCfg = Release|Any CPU
		{2093EFC5-8D32-49AC-8BBC-C4910EC6B527}.Release|ARM.Build.0 = Release|Any CPU
		{2093EFC5-8D32-49AC-8BBC-C4910EC6B527}.Release|ARM64.ActiveCfg = Release|Any CPU
		{2093EFC5-8D32-49AC-8BBC-C4910EC6B527}.Release|ARM64.Build.0 = Release|Any CPU
		{2093EFC5-8D32-49AC-8BBC-C4910EC6B527}.Release|x64.ActiveCfg = Release|Any CPU
		{2093EFC5-8D32-49AC-8BBC-C4910EC6B527}.Release|x64.Build.0 = Release|Any CPU
		{2093EFC5-8D32-49AC-8BBC-C4910EC6B527}.Release|x86.ActiveCfg = Release|Any CPU
		{2093EFC5-8D32-49AC-8BBC-C4910EC6B527}.Release|x86.Build.0 = Release|Any CPU
		{AD5D7EE1-3CC1-43EE-988F-752A572DBFEE}.AppVeyor|Any CPU.ActiveCfg = Release|Any CPU
		{AD5D7EE1-3CC1-43EE-988F-752A572DBFEE}.AppVeyor|Any CPU.Build.0 = Release|Any CPU
		{AD5D7EE1-3CC1-43EE-988F-752A572DBFEE}.AppVeyor|ARM.ActiveCfg = Debug|Any CPU
		{AD5D7EE1-3CC1-43EE-988F-752A572DBFEE}.AppVeyor|ARM.Build.0 = Debug|Any CPU
		{AD5D7EE1-3CC1-43EE-988F-752A572DBFEE}.AppVeyor|ARM64.ActiveCfg = Debug|Any CPU
		{AD5D7EE1-3CC1-43EE-988F-752A572DBFEE}.AppVeyor|ARM64.Build.0 = Debug|Any CPU
		{AD5D7EE1-3CC1-43EE-988F-752A572DBFEE}.AppVeyor|x64.ActiveCfg = Debug|Any CPU
		{AD5D7EE1-3CC1-43EE-988F-752A572DBFEE}.AppVeyor|x64.Build.0 = Debug|Any CPU
		{AD5D7EE1-3CC1-43EE-988F-752A572DBFEE}.AppVeyor|x86.ActiveCfg = Debug|Any CPU
		{AD5D7EE1-3CC1-43EE-988F-752A572DBFEE}.AppVeyor|x86.Build.0 = Debug|Any CPU
		{AD5D7EE1-3CC1-43EE-988F-752A572DBFEE}.Debug|Any CPU.ActiveCfg = Debug|Any CPU
		{AD5D7EE1-3CC1-43EE-988F-752A572DBFEE}.Debug|Any CPU.Build.0 = Debug|Any CPU
		{AD5D7EE1-3CC1-43EE-988F-752A572DBFEE}.Debug|ARM.ActiveCfg = Debug|Any CPU
		{AD5D7EE1-3CC1-43EE-988F-752A572DBFEE}.Debug|ARM.Build.0 = Debug|Any CPU
		{AD5D7EE1-3CC1-43EE-988F-752A572DBFEE}.Debug|ARM64.ActiveCfg = Debug|Any CPU
		{AD5D7EE1-3CC1-43EE-988F-752A572DBFEE}.Debug|ARM64.Build.0 = Debug|Any CPU
		{AD5D7EE1-3CC1-43EE-988F-752A572DBFEE}.Debug|x64.ActiveCfg = Debug|Any CPU
		{AD5D7EE1-3CC1-43EE-988F-752A572DBFEE}.Debug|x64.Build.0 = Debug|Any CPU
		{AD5D7EE1-3CC1-43EE-988F-752A572DBFEE}.Debug|x86.ActiveCfg = Debug|Any CPU
		{AD5D7EE1-3CC1-43EE-988F-752A572DBFEE}.Debug|x86.Build.0 = Debug|Any CPU
		{AD5D7EE1-3CC1-43EE-988F-752A572DBFEE}.Release|Any CPU.ActiveCfg = Release|Any CPU
		{AD5D7EE1-3CC1-43EE-988F-752A572DBFEE}.Release|Any CPU.Build.0 = Release|Any CPU
		{AD5D7EE1-3CC1-43EE-988F-752A572DBFEE}.Release|ARM.ActiveCfg = Release|Any CPU
		{AD5D7EE1-3CC1-43EE-988F-752A572DBFEE}.Release|ARM.Build.0 = Release|Any CPU
		{AD5D7EE1-3CC1-43EE-988F-752A572DBFEE}.Release|ARM64.ActiveCfg = Release|Any CPU
		{AD5D7EE1-3CC1-43EE-988F-752A572DBFEE}.Release|ARM64.Build.0 = Release|Any CPU
		{AD5D7EE1-3CC1-43EE-988F-752A572DBFEE}.Release|x64.ActiveCfg = Release|Any CPU
		{AD5D7EE1-3CC1-43EE-988F-752A572DBFEE}.Release|x64.Build.0 = Release|Any CPU
		{AD5D7EE1-3CC1-43EE-988F-752A572DBFEE}.Release|x86.ActiveCfg = Release|Any CPU
		{AD5D7EE1-3CC1-43EE-988F-752A572DBFEE}.Release|x86.Build.0 = Release|Any CPU
		{0DE75004-5A6F-4921-A1C6-F3A89719D04B}.AppVeyor|Any CPU.ActiveCfg = Release|Any CPU
		{0DE75004-5A6F-4921-A1C6-F3A89719D04B}.AppVeyor|Any CPU.Build.0 = Release|Any CPU
		{0DE75004-5A6F-4921-A1C6-F3A89719D04B}.AppVeyor|ARM.ActiveCfg = Debug|Any CPU
		{0DE75004-5A6F-4921-A1C6-F3A89719D04B}.AppVeyor|ARM.Build.0 = Debug|Any CPU
		{0DE75004-5A6F-4921-A1C6-F3A89719D04B}.AppVeyor|ARM64.ActiveCfg = Debug|Any CPU
		{0DE75004-5A6F-4921-A1C6-F3A89719D04B}.AppVeyor|ARM64.Build.0 = Debug|Any CPU
		{0DE75004-5A6F-4921-A1C6-F3A89719D04B}.AppVeyor|x64.ActiveCfg = Debug|Any CPU
		{0DE75004-5A6F-4921-A1C6-F3A89719D04B}.AppVeyor|x64.Build.0 = Debug|Any CPU
		{0DE75004-5A6F-4921-A1C6-F3A89719D04B}.AppVeyor|x86.ActiveCfg = Debug|Any CPU
		{0DE75004-5A6F-4921-A1C6-F3A89719D04B}.AppVeyor|x86.Build.0 = Debug|Any CPU
		{0DE75004-5A6F-4921-A1C6-F3A89719D04B}.Debug|Any CPU.ActiveCfg = Debug|Any CPU
		{0DE75004-5A6F-4921-A1C6-F3A89719D04B}.Debug|Any CPU.Build.0 = Debug|Any CPU
		{0DE75004-5A6F-4921-A1C6-F3A89719D04B}.Debug|ARM.ActiveCfg = Debug|Any CPU
		{0DE75004-5A6F-4921-A1C6-F3A89719D04B}.Debug|ARM.Build.0 = Debug|Any CPU
		{0DE75004-5A6F-4921-A1C6-F3A89719D04B}.Debug|ARM64.ActiveCfg = Debug|Any CPU
		{0DE75004-5A6F-4921-A1C6-F3A89719D04B}.Debug|ARM64.Build.0 = Debug|Any CPU
		{0DE75004-5A6F-4921-A1C6-F3A89719D04B}.Debug|x64.ActiveCfg = Debug|Any CPU
		{0DE75004-5A6F-4921-A1C6-F3A89719D04B}.Debug|x64.Build.0 = Debug|Any CPU
		{0DE75004-5A6F-4921-A1C6-F3A89719D04B}.Debug|x86.ActiveCfg = Debug|Any CPU
		{0DE75004-5A6F-4921-A1C6-F3A89719D04B}.Debug|x86.Build.0 = Debug|Any CPU
		{0DE75004-5A6F-4921-A1C6-F3A89719D04B}.Release|Any CPU.ActiveCfg = Release|Any CPU
		{0DE75004-5A6F-4921-A1C6-F3A89719D04B}.Release|Any CPU.Build.0 = Release|Any CPU
		{0DE75004-5A6F-4921-A1C6-F3A89719D04B}.Release|ARM.ActiveCfg = Release|Any CPU
		{0DE75004-5A6F-4921-A1C6-F3A89719D04B}.Release|ARM.Build.0 = Release|Any CPU
		{0DE75004-5A6F-4921-A1C6-F3A89719D04B}.Release|ARM64.ActiveCfg = Release|Any CPU
		{0DE75004-5A6F-4921-A1C6-F3A89719D04B}.Release|ARM64.Build.0 = Release|Any CPU
		{0DE75004-5A6F-4921-A1C6-F3A89719D04B}.Release|x64.ActiveCfg = Release|Any CPU
		{0DE75004-5A6F-4921-A1C6-F3A89719D04B}.Release|x64.Build.0 = Release|Any CPU
		{0DE75004-5A6F-4921-A1C6-F3A89719D04B}.Release|x86.ActiveCfg = Release|Any CPU
		{0DE75004-5A6F-4921-A1C6-F3A89719D04B}.Release|x86.Build.0 = Release|Any CPU
		{81AA59EA-05EA-402A-9A6F-842541765CC2}.AppVeyor|Any CPU.ActiveCfg = Release|Any CPU
		{81AA59EA-05EA-402A-9A6F-842541765CC2}.AppVeyor|Any CPU.Build.0 = Release|Any CPU
		{81AA59EA-05EA-402A-9A6F-842541765CC2}.AppVeyor|ARM.ActiveCfg = Debug|Any CPU
		{81AA59EA-05EA-402A-9A6F-842541765CC2}.AppVeyor|ARM.Build.0 = Debug|Any CPU
		{81AA59EA-05EA-402A-9A6F-842541765CC2}.AppVeyor|ARM64.ActiveCfg = Debug|Any CPU
		{81AA59EA-05EA-402A-9A6F-842541765CC2}.AppVeyor|ARM64.Build.0 = Debug|Any CPU
		{81AA59EA-05EA-402A-9A6F-842541765CC2}.AppVeyor|x64.ActiveCfg = Debug|Any CPU
		{81AA59EA-05EA-402A-9A6F-842541765CC2}.AppVeyor|x64.Build.0 = Debug|Any CPU
		{81AA59EA-05EA-402A-9A6F-842541765CC2}.AppVeyor|x86.ActiveCfg = Debug|Any CPU
		{81AA59EA-05EA-402A-9A6F-842541765CC2}.AppVeyor|x86.Build.0 = Debug|Any CPU
		{81AA59EA-05EA-402A-9A6F-842541765CC2}.Debug|Any CPU.ActiveCfg = Debug|Any CPU
		{81AA59EA-05EA-402A-9A6F-842541765CC2}.Debug|Any CPU.Build.0 = Debug|Any CPU
		{81AA59EA-05EA-402A-9A6F-842541765CC2}.Debug|ARM.ActiveCfg = Debug|Any CPU
		{81AA59EA-05EA-402A-9A6F-842541765CC2}.Debug|ARM.Build.0 = Debug|Any CPU
		{81AA59EA-05EA-402A-9A6F-842541765CC2}.Debug|ARM64.ActiveCfg = Debug|Any CPU
		{81AA59EA-05EA-402A-9A6F-842541765CC2}.Debug|ARM64.Build.0 = Debug|Any CPU
		{81AA59EA-05EA-402A-9A6F-842541765CC2}.Debug|x64.ActiveCfg = Debug|Any CPU
		{81AA59EA-05EA-402A-9A6F-842541765CC2}.Debug|x64.Build.0 = Debug|Any CPU
		{81AA59EA-05EA-402A-9A6F-842541765CC2}.Debug|x86.ActiveCfg = Debug|Any CPU
		{81AA59EA-05EA-402A-9A6F-842541765CC2}.Debug|x86.Build.0 = Debug|Any CPU
		{81AA59EA-05EA-402A-9A6F-842541765CC2}.Release|Any CPU.ActiveCfg = Release|Any CPU
		{81AA59EA-05EA-402A-9A6F-842541765CC2}.Release|Any CPU.Build.0 = Release|Any CPU
		{81AA59EA-05EA-402A-9A6F-842541765CC2}.Release|ARM.ActiveCfg = Release|Any CPU
		{81AA59EA-05EA-402A-9A6F-842541765CC2}.Release|ARM.Build.0 = Release|Any CPU
		{81AA59EA-05EA-402A-9A6F-842541765CC2}.Release|ARM64.ActiveCfg = Release|Any CPU
		{81AA59EA-05EA-402A-9A6F-842541765CC2}.Release|ARM64.Build.0 = Release|Any CPU
		{81AA59EA-05EA-402A-9A6F-842541765CC2}.Release|x64.ActiveCfg = Release|Any CPU
		{81AA59EA-05EA-402A-9A6F-842541765CC2}.Release|x64.Build.0 = Release|Any CPU
		{81AA59EA-05EA-402A-9A6F-842541765CC2}.Release|x86.ActiveCfg = Release|Any CPU
		{81AA59EA-05EA-402A-9A6F-842541765CC2}.Release|x86.Build.0 = Release|Any CPU
		{ECFB6853-4DEF-43A9-94B4-05B52A6817BA}.AppVeyor|Any CPU.ActiveCfg = Release|Any CPU
		{ECFB6853-4DEF-43A9-94B4-05B52A6817BA}.AppVeyor|Any CPU.Build.0 = Release|Any CPU
		{ECFB6853-4DEF-43A9-94B4-05B52A6817BA}.AppVeyor|ARM.ActiveCfg = Debug|Any CPU
		{ECFB6853-4DEF-43A9-94B4-05B52A6817BA}.AppVeyor|ARM.Build.0 = Debug|Any CPU
		{ECFB6853-4DEF-43A9-94B4-05B52A6817BA}.AppVeyor|ARM64.ActiveCfg = Debug|Any CPU
		{ECFB6853-4DEF-43A9-94B4-05B52A6817BA}.AppVeyor|ARM64.Build.0 = Debug|Any CPU
		{ECFB6853-4DEF-43A9-94B4-05B52A6817BA}.AppVeyor|x64.ActiveCfg = Debug|Any CPU
		{ECFB6853-4DEF-43A9-94B4-05B52A6817BA}.AppVeyor|x64.Build.0 = Debug|Any CPU
		{ECFB6853-4DEF-43A9-94B4-05B52A6817BA}.AppVeyor|x86.ActiveCfg = Debug|Any CPU
		{ECFB6853-4DEF-43A9-94B4-05B52A6817BA}.AppVeyor|x86.Build.0 = Debug|Any CPU
		{ECFB6853-4DEF-43A9-94B4-05B52A6817BA}.Debug|Any CPU.ActiveCfg = Debug|Any CPU
		{ECFB6853-4DEF-43A9-94B4-05B52A6817BA}.Debug|Any CPU.Build.0 = Debug|Any CPU
		{ECFB6853-4DEF-43A9-94B4-05B52A6817BA}.Debug|ARM.ActiveCfg = Debug|Any CPU
		{ECFB6853-4DEF-43A9-94B4-05B52A6817BA}.Debug|ARM.Build.0 = Debug|Any CPU
		{ECFB6853-4DEF-43A9-94B4-05B52A6817BA}.Debug|ARM64.ActiveCfg = Debug|Any CPU
		{ECFB6853-4DEF-43A9-94B4-05B52A6817BA}.Debug|ARM64.Build.0 = Debug|Any CPU
		{ECFB6853-4DEF-43A9-94B4-05B52A6817BA}.Debug|x64.ActiveCfg = Debug|Any CPU
		{ECFB6853-4DEF-43A9-94B4-05B52A6817BA}.Debug|x64.Build.0 = Debug|Any CPU
		{ECFB6853-4DEF-43A9-94B4-05B52A6817BA}.Debug|x86.ActiveCfg = Debug|Any CPU
		{ECFB6853-4DEF-43A9-94B4-05B52A6817BA}.Debug|x86.Build.0 = Debug|Any CPU
		{ECFB6853-4DEF-43A9-94B4-05B52A6817BA}.Release|Any CPU.ActiveCfg = Release|Any CPU
		{ECFB6853-4DEF-43A9-94B4-05B52A6817BA}.Release|Any CPU.Build.0 = Release|Any CPU
		{ECFB6853-4DEF-43A9-94B4-05B52A6817BA}.Release|ARM.ActiveCfg = Release|Any CPU
		{ECFB6853-4DEF-43A9-94B4-05B52A6817BA}.Release|ARM.Build.0 = Release|Any CPU
		{ECFB6853-4DEF-43A9-94B4-05B52A6817BA}.Release|ARM64.ActiveCfg = Release|Any CPU
		{ECFB6853-4DEF-43A9-94B4-05B52A6817BA}.Release|ARM64.Build.0 = Release|Any CPU
		{ECFB6853-4DEF-43A9-94B4-05B52A6817BA}.Release|x64.ActiveCfg = Release|Any CPU
		{ECFB6853-4DEF-43A9-94B4-05B52A6817BA}.Release|x64.Build.0 = Release|Any CPU
		{ECFB6853-4DEF-43A9-94B4-05B52A6817BA}.Release|x86.ActiveCfg = Release|Any CPU
		{ECFB6853-4DEF-43A9-94B4-05B52A6817BA}.Release|x86.Build.0 = Release|Any CPU
		{FC2CAA7A-2A12-4C65-8CC4-A35A0CD6A7B6}.AppVeyor|Any CPU.ActiveCfg = Release|Any CPU
		{FC2CAA7A-2A12-4C65-8CC4-A35A0CD6A7B6}.AppVeyor|Any CPU.Build.0 = Release|Any CPU
		{FC2CAA7A-2A12-4C65-8CC4-A35A0CD6A7B6}.AppVeyor|ARM.ActiveCfg = Debug|Any CPU
		{FC2CAA7A-2A12-4C65-8CC4-A35A0CD6A7B6}.AppVeyor|ARM.Build.0 = Debug|Any CPU
		{FC2CAA7A-2A12-4C65-8CC4-A35A0CD6A7B6}.AppVeyor|ARM64.ActiveCfg = Debug|Any CPU
		{FC2CAA7A-2A12-4C65-8CC4-A35A0CD6A7B6}.AppVeyor|ARM64.Build.0 = Debug|Any CPU
		{FC2CAA7A-2A12-4C65-8CC4-A35A0CD6A7B6}.AppVeyor|x64.ActiveCfg = Debug|Any CPU
		{FC2CAA7A-2A12-4C65-8CC4-A35A0CD6A7B6}.AppVeyor|x64.Build.0 = Debug|Any CPU
		{FC2CAA7A-2A12-4C65-8CC4-A35A0CD6A7B6}.AppVeyor|x86.ActiveCfg = Debug|Any CPU
		{FC2CAA7A-2A12-4C65-8CC4-A35A0CD6A7B6}.AppVeyor|x86.Build.0 = Debug|Any CPU
		{FC2CAA7A-2A12-4C65-8CC4-A35A0CD6A7B6}.Debug|Any CPU.ActiveCfg = Debug|Any CPU
		{FC2CAA7A-2A12-4C65-8CC4-A35A0CD6A7B6}.Debug|Any CPU.Build.0 = Debug|Any CPU
		{FC2CAA7A-2A12-4C65-8CC4-A35A0CD6A7B6}.Debug|ARM.ActiveCfg = Debug|Any CPU
		{FC2CAA7A-2A12-4C65-8CC4-A35A0CD6A7B6}.Debug|ARM.Build.0 = Debug|Any CPU
		{FC2CAA7A-2A12-4C65-8CC4-A35A0CD6A7B6}.Debug|ARM64.ActiveCfg = Debug|Any CPU
		{FC2CAA7A-2A12-4C65-8CC4-A35A0CD6A7B6}.Debug|ARM64.Build.0 = Debug|Any CPU
		{FC2CAA7A-2A12-4C65-8CC4-A35A0CD6A7B6}.Debug|x64.ActiveCfg = Debug|Any CPU
		{FC2CAA7A-2A12-4C65-8CC4-A35A0CD6A7B6}.Debug|x64.Build.0 = Debug|Any CPU
		{FC2CAA7A-2A12-4C65-8CC4-A35A0CD6A7B6}.Debug|x86.ActiveCfg = Debug|Any CPU
		{FC2CAA7A-2A12-4C65-8CC4-A35A0CD6A7B6}.Debug|x86.Build.0 = Debug|Any CPU
		{FC2CAA7A-2A12-4C65-8CC4-A35A0CD6A7B6}.Release|Any CPU.ActiveCfg = Release|Any CPU
		{FC2CAA7A-2A12-4C65-8CC4-A35A0CD6A7B6}.Release|Any CPU.Build.0 = Release|Any CPU
		{FC2CAA7A-2A12-4C65-8CC4-A35A0CD6A7B6}.Release|ARM.ActiveCfg = Release|Any CPU
		{FC2CAA7A-2A12-4C65-8CC4-A35A0CD6A7B6}.Release|ARM.Build.0 = Release|Any CPU
		{FC2CAA7A-2A12-4C65-8CC4-A35A0CD6A7B6}.Release|ARM64.ActiveCfg = Release|Any CPU
		{FC2CAA7A-2A12-4C65-8CC4-A35A0CD6A7B6}.Release|ARM64.Build.0 = Release|Any CPU
		{FC2CAA7A-2A12-4C65-8CC4-A35A0CD6A7B6}.Release|x64.ActiveCfg = Release|Any CPU
		{FC2CAA7A-2A12-4C65-8CC4-A35A0CD6A7B6}.Release|x64.Build.0 = Release|Any CPU
		{FC2CAA7A-2A12-4C65-8CC4-A35A0CD6A7B6}.Release|x86.ActiveCfg = Release|Any CPU
		{FC2CAA7A-2A12-4C65-8CC4-A35A0CD6A7B6}.Release|x86.Build.0 = Release|Any CPU
		{933B814F-3925-4DED-BE1B-0F3FAF7DB489}.AppVeyor|Any CPU.ActiveCfg = Release|Any CPU
		{933B814F-3925-4DED-BE1B-0F3FAF7DB489}.AppVeyor|Any CPU.Build.0 = Release|Any CPU
		{933B814F-3925-4DED-BE1B-0F3FAF7DB489}.AppVeyor|ARM.ActiveCfg = Debug|Any CPU
		{933B814F-3925-4DED-BE1B-0F3FAF7DB489}.AppVeyor|ARM.Build.0 = Debug|Any CPU
		{933B814F-3925-4DED-BE1B-0F3FAF7DB489}.AppVeyor|ARM64.ActiveCfg = Debug|Any CPU
		{933B814F-3925-4DED-BE1B-0F3FAF7DB489}.AppVeyor|ARM64.Build.0 = Debug|Any CPU
		{933B814F-3925-4DED-BE1B-0F3FAF7DB489}.AppVeyor|x64.ActiveCfg = Debug|Any CPU
		{933B814F-3925-4DED-BE1B-0F3FAF7DB489}.AppVeyor|x64.Build.0 = Debug|Any CPU
		{933B814F-3925-4DED-BE1B-0F3FAF7DB489}.AppVeyor|x86.ActiveCfg = Debug|Any CPU
		{933B814F-3925-4DED-BE1B-0F3FAF7DB489}.AppVeyor|x86.Build.0 = Debug|Any CPU
		{933B814F-3925-4DED-BE1B-0F3FAF7DB489}.Debug|Any CPU.ActiveCfg = Debug|Any CPU
		{933B814F-3925-4DED-BE1B-0F3FAF7DB489}.Debug|Any CPU.Build.0 = Debug|Any CPU
		{933B814F-3925-4DED-BE1B-0F3FAF7DB489}.Debug|ARM.ActiveCfg = Debug|Any CPU
		{933B814F-3925-4DED-BE1B-0F3FAF7DB489}.Debug|ARM.Build.0 = Debug|Any CPU
		{933B814F-3925-4DED-BE1B-0F3FAF7DB489}.Debug|ARM64.ActiveCfg = Debug|Any CPU
		{933B814F-3925-4DED-BE1B-0F3FAF7DB489}.Debug|ARM64.Build.0 = Debug|Any CPU
		{933B814F-3925-4DED-BE1B-0F3FAF7DB489}.Debug|x64.ActiveCfg = Debug|Any CPU
		{933B814F-3925-4DED-BE1B-0F3FAF7DB489}.Debug|x64.Build.0 = Debug|Any CPU
		{933B814F-3925-4DED-BE1B-0F3FAF7DB489}.Debug|x86.ActiveCfg = Debug|Any CPU
		{933B814F-3925-4DED-BE1B-0F3FAF7DB489}.Debug|x86.Build.0 = Debug|Any CPU
		{933B814F-3925-4DED-BE1B-0F3FAF7DB489}.Release|Any CPU.ActiveCfg = Release|Any CPU
		{933B814F-3925-4DED-BE1B-0F3FAF7DB489}.Release|Any CPU.Build.0 = Release|Any CPU
		{933B814F-3925-4DED-BE1B-0F3FAF7DB489}.Release|ARM.ActiveCfg = Release|Any CPU
		{933B814F-3925-4DED-BE1B-0F3FAF7DB489}.Release|ARM.Build.0 = Release|Any CPU
		{933B814F-3925-4DED-BE1B-0F3FAF7DB489}.Release|ARM64.ActiveCfg = Release|Any CPU
		{933B814F-3925-4DED-BE1B-0F3FAF7DB489}.Release|ARM64.Build.0 = Release|Any CPU
		{933B814F-3925-4DED-BE1B-0F3FAF7DB489}.Release|x64.ActiveCfg = Release|Any CPU
		{933B814F-3925-4DED-BE1B-0F3FAF7DB489}.Release|x64.Build.0 = Release|Any CPU
		{933B814F-3925-4DED-BE1B-0F3FAF7DB489}.Release|x86.ActiveCfg = Release|Any CPU
		{933B814F-3925-4DED-BE1B-0F3FAF7DB489}.Release|x86.Build.0 = Release|Any CPU
		{7B34644A-1968-406E-805B-4A5FBE86D182}.AppVeyor|Any CPU.ActiveCfg = Release|Any CPU
		{7B34644A-1968-406E-805B-4A5FBE86D182}.AppVeyor|Any CPU.Build.0 = Release|Any CPU
		{7B34644A-1968-406E-805B-4A5FBE86D182}.AppVeyor|ARM.ActiveCfg = Debug|Any CPU
		{7B34644A-1968-406E-805B-4A5FBE86D182}.AppVeyor|ARM.Build.0 = Debug|Any CPU
		{7B34644A-1968-406E-805B-4A5FBE86D182}.AppVeyor|ARM64.ActiveCfg = Debug|Any CPU
		{7B34644A-1968-406E-805B-4A5FBE86D182}.AppVeyor|ARM64.Build.0 = Debug|Any CPU
		{7B34644A-1968-406E-805B-4A5FBE86D182}.AppVeyor|x64.ActiveCfg = Debug|Any CPU
		{7B34644A-1968-406E-805B-4A5FBE86D182}.AppVeyor|x64.Build.0 = Debug|Any CPU
		{7B34644A-1968-406E-805B-4A5FBE86D182}.AppVeyor|x86.ActiveCfg = Debug|Any CPU
		{7B34644A-1968-406E-805B-4A5FBE86D182}.AppVeyor|x86.Build.0 = Debug|Any CPU
		{7B34644A-1968-406E-805B-4A5FBE86D182}.Debug|Any CPU.ActiveCfg = Debug|Any CPU
		{7B34644A-1968-406E-805B-4A5FBE86D182}.Debug|Any CPU.Build.0 = Debug|Any CPU
		{7B34644A-1968-406E-805B-4A5FBE86D182}.Debug|ARM.ActiveCfg = Debug|Any CPU
		{7B34644A-1968-406E-805B-4A5FBE86D182}.Debug|ARM.Build.0 = Debug|Any CPU
		{7B34644A-1968-406E-805B-4A5FBE86D182}.Debug|ARM64.ActiveCfg = Debug|Any CPU
		{7B34644A-1968-406E-805B-4A5FBE86D182}.Debug|ARM64.Build.0 = Debug|Any CPU
		{7B34644A-1968-406E-805B-4A5FBE86D182}.Debug|x64.ActiveCfg = Debug|Any CPU
		{7B34644A-1968-406E-805B-4A5FBE86D182}.Debug|x64.Build.0 = Debug|Any CPU
		{7B34644A-1968-406E-805B-4A5FBE86D182}.Debug|x86.ActiveCfg = Debug|Any CPU
		{7B34644A-1968-406E-805B-4A5FBE86D182}.Debug|x86.Build.0 = Debug|Any CPU
		{7B34644A-1968-406E-805B-4A5FBE86D182}.Release|Any CPU.ActiveCfg = Release|Any CPU
		{7B34644A-1968-406E-805B-4A5FBE86D182}.Release|Any CPU.Build.0 = Release|Any CPU
		{7B34644A-1968-406E-805B-4A5FBE86D182}.Release|ARM.ActiveCfg = Release|Any CPU
		{7B34644A-1968-406E-805B-4A5FBE86D182}.Release|ARM.Build.0 = Release|Any CPU
		{7B34644A-1968-406E-805B-4A5FBE86D182}.Release|ARM64.ActiveCfg = Release|Any CPU
		{7B34644A-1968-406E-805B-4A5FBE86D182}.Release|ARM64.Build.0 = Release|Any CPU
		{7B34644A-1968-406E-805B-4A5FBE86D182}.Release|x64.ActiveCfg = Release|Any CPU
		{7B34644A-1968-406E-805B-4A5FBE86D182}.Release|x64.Build.0 = Release|Any CPU
		{7B34644A-1968-406E-805B-4A5FBE86D182}.Release|x86.ActiveCfg = Release|Any CPU
		{7B34644A-1968-406E-805B-4A5FBE86D182}.Release|x86.Build.0 = Release|Any CPU
		{39DCBD3C-BBCB-40CC-A855-F2E47D81C9CB}.AppVeyor|Any CPU.ActiveCfg = Release|x64
		{39DCBD3C-BBCB-40CC-A855-F2E47D81C9CB}.AppVeyor|Any CPU.Build.0 = Release|x64
		{39DCBD3C-BBCB-40CC-A855-F2E47D81C9CB}.AppVeyor|Any CPU.Deploy.0 = Release|x64
		{39DCBD3C-BBCB-40CC-A855-F2E47D81C9CB}.AppVeyor|ARM.ActiveCfg = Release|ARM
		{39DCBD3C-BBCB-40CC-A855-F2E47D81C9CB}.AppVeyor|ARM.Build.0 = Release|ARM
		{39DCBD3C-BBCB-40CC-A855-F2E47D81C9CB}.AppVeyor|ARM.Deploy.0 = Release|ARM
		{39DCBD3C-BBCB-40CC-A855-F2E47D81C9CB}.AppVeyor|ARM64.ActiveCfg = Release|ARM64
		{39DCBD3C-BBCB-40CC-A855-F2E47D81C9CB}.AppVeyor|ARM64.Build.0 = Release|ARM64
		{39DCBD3C-BBCB-40CC-A855-F2E47D81C9CB}.AppVeyor|ARM64.Deploy.0 = Release|ARM64
		{39DCBD3C-BBCB-40CC-A855-F2E47D81C9CB}.AppVeyor|x64.ActiveCfg = Release|x64
		{39DCBD3C-BBCB-40CC-A855-F2E47D81C9CB}.AppVeyor|x64.Build.0 = Release|x64
		{39DCBD3C-BBCB-40CC-A855-F2E47D81C9CB}.AppVeyor|x64.Deploy.0 = Release|x64
		{39DCBD3C-BBCB-40CC-A855-F2E47D81C9CB}.AppVeyor|x86.ActiveCfg = Release|x86
		{39DCBD3C-BBCB-40CC-A855-F2E47D81C9CB}.AppVeyor|x86.Build.0 = Release|x86
		{39DCBD3C-BBCB-40CC-A855-F2E47D81C9CB}.AppVeyor|x86.Deploy.0 = Release|x86
		{39DCBD3C-BBCB-40CC-A855-F2E47D81C9CB}.Debug|Any CPU.ActiveCfg = Debug|x86
		{39DCBD3C-BBCB-40CC-A855-F2E47D81C9CB}.Debug|Any CPU.Build.0 = Debug|x86
		{39DCBD3C-BBCB-40CC-A855-F2E47D81C9CB}.Debug|Any CPU.Deploy.0 = Debug|x86
		{39DCBD3C-BBCB-40CC-A855-F2E47D81C9CB}.Debug|ARM.ActiveCfg = Debug|ARM
		{39DCBD3C-BBCB-40CC-A855-F2E47D81C9CB}.Debug|ARM.Build.0 = Debug|ARM
		{39DCBD3C-BBCB-40CC-A855-F2E47D81C9CB}.Debug|ARM.Deploy.0 = Debug|ARM
		{39DCBD3C-BBCB-40CC-A855-F2E47D81C9CB}.Debug|ARM64.ActiveCfg = Debug|ARM64
		{39DCBD3C-BBCB-40CC-A855-F2E47D81C9CB}.Debug|ARM64.Build.0 = Debug|ARM64
		{39DCBD3C-BBCB-40CC-A855-F2E47D81C9CB}.Debug|ARM64.Deploy.0 = Debug|ARM64
		{39DCBD3C-BBCB-40CC-A855-F2E47D81C9CB}.Debug|x64.ActiveCfg = Debug|x64
		{39DCBD3C-BBCB-40CC-A855-F2E47D81C9CB}.Debug|x64.Build.0 = Debug|x64
		{39DCBD3C-BBCB-40CC-A855-F2E47D81C9CB}.Debug|x64.Deploy.0 = Debug|x64
		{39DCBD3C-BBCB-40CC-A855-F2E47D81C9CB}.Debug|x86.ActiveCfg = Debug|x86
		{39DCBD3C-BBCB-40CC-A855-F2E47D81C9CB}.Debug|x86.Build.0 = Debug|x86
		{39DCBD3C-BBCB-40CC-A855-F2E47D81C9CB}.Debug|x86.Deploy.0 = Debug|x86
		{39DCBD3C-BBCB-40CC-A855-F2E47D81C9CB}.Release|Any CPU.ActiveCfg = Release|x86
		{39DCBD3C-BBCB-40CC-A855-F2E47D81C9CB}.Release|ARM.ActiveCfg = Release|ARM
		{39DCBD3C-BBCB-40CC-A855-F2E47D81C9CB}.Release|ARM.Build.0 = Release|ARM
		{39DCBD3C-BBCB-40CC-A855-F2E47D81C9CB}.Release|ARM.Deploy.0 = Release|ARM
		{39DCBD3C-BBCB-40CC-A855-F2E47D81C9CB}.Release|ARM64.ActiveCfg = Release|ARM64
		{39DCBD3C-BBCB-40CC-A855-F2E47D81C9CB}.Release|ARM64.Build.0 = Release|ARM64
		{39DCBD3C-BBCB-40CC-A855-F2E47D81C9CB}.Release|ARM64.Deploy.0 = Release|ARM64
		{39DCBD3C-BBCB-40CC-A855-F2E47D81C9CB}.Release|x64.ActiveCfg = Release|x64
		{39DCBD3C-BBCB-40CC-A855-F2E47D81C9CB}.Release|x64.Build.0 = Release|x64
		{39DCBD3C-BBCB-40CC-A855-F2E47D81C9CB}.Release|x64.Deploy.0 = Release|x64
		{39DCBD3C-BBCB-40CC-A855-F2E47D81C9CB}.Release|x86.ActiveCfg = Release|x86
		{39DCBD3C-BBCB-40CC-A855-F2E47D81C9CB}.Release|x86.Build.0 = Release|x86
		{39DCBD3C-BBCB-40CC-A855-F2E47D81C9CB}.Release|x86.Deploy.0 = Release|x86
		{DBC53F0A-928B-4C51-8B55-25246BF49AAE}.AppVeyor|Any CPU.ActiveCfg = Release|x64
		{DBC53F0A-928B-4C51-8B55-25246BF49AAE}.AppVeyor|Any CPU.Build.0 = Release|x64
		{DBC53F0A-928B-4C51-8B55-25246BF49AAE}.AppVeyor|Any CPU.Deploy.0 = Release|x64
		{DBC53F0A-928B-4C51-8B55-25246BF49AAE}.AppVeyor|ARM.ActiveCfg = Release|ARM
		{DBC53F0A-928B-4C51-8B55-25246BF49AAE}.AppVeyor|ARM.Build.0 = Release|ARM
		{DBC53F0A-928B-4C51-8B55-25246BF49AAE}.AppVeyor|ARM.Deploy.0 = Release|ARM
		{DBC53F0A-928B-4C51-8B55-25246BF49AAE}.AppVeyor|ARM64.ActiveCfg = Release|ARM64
		{DBC53F0A-928B-4C51-8B55-25246BF49AAE}.AppVeyor|ARM64.Build.0 = Release|ARM64
		{DBC53F0A-928B-4C51-8B55-25246BF49AAE}.AppVeyor|ARM64.Deploy.0 = Release|ARM64
		{DBC53F0A-928B-4C51-8B55-25246BF49AAE}.AppVeyor|x64.ActiveCfg = Release|x64
		{DBC53F0A-928B-4C51-8B55-25246BF49AAE}.AppVeyor|x64.Build.0 = Release|x64
		{DBC53F0A-928B-4C51-8B55-25246BF49AAE}.AppVeyor|x64.Deploy.0 = Release|x64
		{DBC53F0A-928B-4C51-8B55-25246BF49AAE}.AppVeyor|x86.ActiveCfg = Release|x86
		{DBC53F0A-928B-4C51-8B55-25246BF49AAE}.AppVeyor|x86.Build.0 = Release|x86
		{DBC53F0A-928B-4C51-8B55-25246BF49AAE}.AppVeyor|x86.Deploy.0 = Release|x86
		{DBC53F0A-928B-4C51-8B55-25246BF49AAE}.Debug|Any CPU.ActiveCfg = Debug|x86
		{DBC53F0A-928B-4C51-8B55-25246BF49AAE}.Debug|ARM.ActiveCfg = Debug|ARM
		{DBC53F0A-928B-4C51-8B55-25246BF49AAE}.Debug|ARM.Build.0 = Debug|ARM
		{DBC53F0A-928B-4C51-8B55-25246BF49AAE}.Debug|ARM.Deploy.0 = Debug|ARM
		{DBC53F0A-928B-4C51-8B55-25246BF49AAE}.Debug|ARM64.ActiveCfg = Debug|ARM64
		{DBC53F0A-928B-4C51-8B55-25246BF49AAE}.Debug|ARM64.Build.0 = Debug|ARM64
		{DBC53F0A-928B-4C51-8B55-25246BF49AAE}.Debug|ARM64.Deploy.0 = Debug|ARM64
		{DBC53F0A-928B-4C51-8B55-25246BF49AAE}.Debug|x64.ActiveCfg = Debug|x64
		{DBC53F0A-928B-4C51-8B55-25246BF49AAE}.Debug|x64.Build.0 = Debug|x64
		{DBC53F0A-928B-4C51-8B55-25246BF49AAE}.Debug|x64.Deploy.0 = Debug|x64
		{DBC53F0A-928B-4C51-8B55-25246BF49AAE}.Debug|x86.ActiveCfg = Debug|x86
		{DBC53F0A-928B-4C51-8B55-25246BF49AAE}.Debug|x86.Build.0 = Debug|x86
		{DBC53F0A-928B-4C51-8B55-25246BF49AAE}.Debug|x86.Deploy.0 = Debug|x86
		{DBC53F0A-928B-4C51-8B55-25246BF49AAE}.Release|Any CPU.ActiveCfg = Release|x86
		{DBC53F0A-928B-4C51-8B55-25246BF49AAE}.Release|ARM.ActiveCfg = Release|ARM
		{DBC53F0A-928B-4C51-8B55-25246BF49AAE}.Release|ARM.Build.0 = Release|ARM
		{DBC53F0A-928B-4C51-8B55-25246BF49AAE}.Release|ARM.Deploy.0 = Release|ARM
		{DBC53F0A-928B-4C51-8B55-25246BF49AAE}.Release|ARM64.ActiveCfg = Release|ARM64
		{DBC53F0A-928B-4C51-8B55-25246BF49AAE}.Release|ARM64.Build.0 = Release|ARM64
		{DBC53F0A-928B-4C51-8B55-25246BF49AAE}.Release|ARM64.Deploy.0 = Release|ARM64
		{DBC53F0A-928B-4C51-8B55-25246BF49AAE}.Release|x64.ActiveCfg = Release|x64
		{DBC53F0A-928B-4C51-8B55-25246BF49AAE}.Release|x64.Build.0 = Release|x64
		{DBC53F0A-928B-4C51-8B55-25246BF49AAE}.Release|x64.Deploy.0 = Release|x64
		{DBC53F0A-928B-4C51-8B55-25246BF49AAE}.Release|x86.ActiveCfg = Release|x86
		{DBC53F0A-928B-4C51-8B55-25246BF49AAE}.Release|x86.Build.0 = Release|x86
		{DBC53F0A-928B-4C51-8B55-25246BF49AAE}.Release|x86.Deploy.0 = Release|x86
		{B018CDC2-DA39-42FC-A31A-1A3C4B47CAFC}.AppVeyor|Any CPU.ActiveCfg = Release|Any CPU
		{B018CDC2-DA39-42FC-A31A-1A3C4B47CAFC}.AppVeyor|Any CPU.Build.0 = Release|Any CPU
		{B018CDC2-DA39-42FC-A31A-1A3C4B47CAFC}.AppVeyor|ARM.ActiveCfg = Release|ARM
		{B018CDC2-DA39-42FC-A31A-1A3C4B47CAFC}.AppVeyor|ARM.Build.0 = Release|ARM
		{B018CDC2-DA39-42FC-A31A-1A3C4B47CAFC}.AppVeyor|ARM64.ActiveCfg = Release|ARM64
		{B018CDC2-DA39-42FC-A31A-1A3C4B47CAFC}.AppVeyor|ARM64.Build.0 = Release|ARM64
		{B018CDC2-DA39-42FC-A31A-1A3C4B47CAFC}.AppVeyor|x64.ActiveCfg = Release|x64
		{B018CDC2-DA39-42FC-A31A-1A3C4B47CAFC}.AppVeyor|x64.Build.0 = Release|x64
		{B018CDC2-DA39-42FC-A31A-1A3C4B47CAFC}.AppVeyor|x86.ActiveCfg = Release|x86
		{B018CDC2-DA39-42FC-A31A-1A3C4B47CAFC}.AppVeyor|x86.Build.0 = Release|x86
		{B018CDC2-DA39-42FC-A31A-1A3C4B47CAFC}.Debug|Any CPU.ActiveCfg = Debug|Any CPU
		{B018CDC2-DA39-42FC-A31A-1A3C4B47CAFC}.Debug|Any CPU.Build.0 = Debug|Any CPU
		{B018CDC2-DA39-42FC-A31A-1A3C4B47CAFC}.Debug|ARM.ActiveCfg = Debug|ARM
		{B018CDC2-DA39-42FC-A31A-1A3C4B47CAFC}.Debug|ARM.Build.0 = Debug|ARM
		{B018CDC2-DA39-42FC-A31A-1A3C4B47CAFC}.Debug|ARM64.ActiveCfg = Debug|ARM64
		{B018CDC2-DA39-42FC-A31A-1A3C4B47CAFC}.Debug|ARM64.Build.0 = Debug|ARM64
		{B018CDC2-DA39-42FC-A31A-1A3C4B47CAFC}.Debug|x64.ActiveCfg = Debug|x64
		{B018CDC2-DA39-42FC-A31A-1A3C4B47CAFC}.Debug|x64.Build.0 = Debug|x64
		{B018CDC2-DA39-42FC-A31A-1A3C4B47CAFC}.Debug|x86.ActiveCfg = Debug|x86
		{B018CDC2-DA39-42FC-A31A-1A3C4B47CAFC}.Debug|x86.Build.0 = Debug|x86
		{B018CDC2-DA39-42FC-A31A-1A3C4B47CAFC}.Release|Any CPU.ActiveCfg = Release|Any CPU
		{B018CDC2-DA39-42FC-A31A-1A3C4B47CAFC}.Release|Any CPU.Build.0 = Release|Any CPU
		{B018CDC2-DA39-42FC-A31A-1A3C4B47CAFC}.Release|ARM.ActiveCfg = Release|ARM
		{B018CDC2-DA39-42FC-A31A-1A3C4B47CAFC}.Release|ARM.Build.0 = Release|ARM
		{B018CDC2-DA39-42FC-A31A-1A3C4B47CAFC}.Release|ARM64.ActiveCfg = Release|ARM64
		{B018CDC2-DA39-42FC-A31A-1A3C4B47CAFC}.Release|ARM64.Build.0 = Release|ARM64
		{B018CDC2-DA39-42FC-A31A-1A3C4B47CAFC}.Release|x64.ActiveCfg = Release|x64
		{B018CDC2-DA39-42FC-A31A-1A3C4B47CAFC}.Release|x64.Build.0 = Release|x64
		{B018CDC2-DA39-42FC-A31A-1A3C4B47CAFC}.Release|x86.ActiveCfg = Release|x86
		{B018CDC2-DA39-42FC-A31A-1A3C4B47CAFC}.Release|x86.Build.0 = Release|x86
	EndGlobalSection
	GlobalSection(SolutionProperties) = preSolution
		HideSolutionNode = FALSE
	EndGlobalSection
	GlobalSection(NestedProjects) = preSolution
		{E39F996A-1A28-40DD-8993-D46419C7F060} = {A27F5262-9A65-4CAF-B324-33E6419F9A8C}
		{08C8A71F-B3AF-47D4-9089-623D341D0A71} = {9E1F2E34-C893-46FC-A1BA-C3567419BF10}
		{D39731EE-B0AA-4792-87C8-AA2820B54903} = {F047DECB-FAF1-449D-A53F-F73592F7C359}
		{BA52AF43-226B-4C14-862F-8C1F368E3F61} = {4D1A6ED5-E6C7-41F0-B7A2-EB5570F635AC}
		{B68BCCB9-BB79-46EF-8563-5476B4881C49} = {F5907E1B-41A5-4507-9D90-41F26BAD9B04}
		{36D3F054-A71C-4CD6-A85C-005CC4FB7592} = {4D1A6ED5-E6C7-41F0-B7A2-EB5570F635AC}
		{9E1F2E34-C893-46FC-A1BA-C3567419BF10} = {FFB0AB52-CA58-47A3-B58E-FE52E859A863}
		{A25E7486-7718-4E71-BCA5-C4B326D686C1} = {FFB0AB52-CA58-47A3-B58E-FE52E859A863}
		{2093EFC5-8D32-49AC-8BBC-C4910EC6B527} = {A25E7486-7718-4E71-BCA5-C4B326D686C1}
		{AD5D7EE1-3CC1-43EE-988F-752A572DBFEE} = {A25E7486-7718-4E71-BCA5-C4B326D686C1}
		{0DE75004-5A6F-4921-A1C6-F3A89719D04B} = {A27F5262-9A65-4CAF-B324-33E6419F9A8C}
		{81AA59EA-05EA-402A-9A6F-842541765CC2} = {F5907E1B-41A5-4507-9D90-41F26BAD9B04}
		{ECFB6853-4DEF-43A9-94B4-05B52A6817BA} = {A25E7486-7718-4E71-BCA5-C4B326D686C1}
		{6609F28A-5788-4D1D-85DE-36518B41D450} = {FFB0AB52-CA58-47A3-B58E-FE52E859A863}
		{FC2CAA7A-2A12-4C65-8CC4-A35A0CD6A7B6} = {6609F28A-5788-4D1D-85DE-36518B41D450}
		{933B814F-3925-4DED-BE1B-0F3FAF7DB489} = {6609F28A-5788-4D1D-85DE-36518B41D450}
		{7B34644A-1968-406E-805B-4A5FBE86D182} = {6609F28A-5788-4D1D-85DE-36518B41D450}
		{A5051F5C-6531-4733-BB4D-4570F9BA7AF0} = {FFB0AB52-CA58-47A3-B58E-FE52E859A863}
		{39DCBD3C-BBCB-40CC-A855-F2E47D81C9CB} = {A5051F5C-6531-4733-BB4D-4570F9BA7AF0}
		{DBC53F0A-928B-4C51-8B55-25246BF49AAE} = {A5051F5C-6531-4733-BB4D-4570F9BA7AF0}
		{B018CDC2-DA39-42FC-A31A-1A3C4B47CAFC} = {A5051F5C-6531-4733-BB4D-4570F9BA7AF0}
	EndGlobalSection
	GlobalSection(ExtensibilityGlobals) = postSolution
		SolutionGuid = {45D0EDA0-163C-4370-B5DD-CACC1500F216}
	EndGlobalSection
EndGlobal
